// !$*UTF8*$!
{
	archiveVersion = 1;
	classes = {
	};
	objectVersion = 50;
	objects = {

/* Begin PBXBuildFile section */
		FDDD6328214800C700575F80 /* AppDelegate.swift in Sources */ = {isa = PBXBuildFile; fileRef = FDDD6327214800C700575F80 /* AppDelegate.swift */; };
		FDDD632A214800C700575F80 /* ViewController.swift in Sources */ = {isa = PBXBuildFile; fileRef = FDDD6329214800C700575F80 /* ViewController.swift */; };
		FDDD632D214800C700575F80 /* Main.storyboard in Resources */ = {isa = PBXBuildFile; fileRef = FDDD632B214800C700575F80 /* Main.storyboard */; };
		FDDD6330214800C700575F80 /* Bois_Payment_Solver.xcdatamodeld in Sources */ = {isa = PBXBuildFile; fileRef = FDDD632E214800C700575F80 /* Bois_Payment_Solver.xcdatamodeld */; };
		FDDD6332214800C900575F80 /* Assets.xcassets in Resources */ = {isa = PBXBuildFile; fileRef = FDDD6331214800C900575F80 /* Assets.xcassets */; };
		FDDD6335214800C900575F80 /* LaunchScreen.storyboard in Resources */ = {isa = PBXBuildFile; fileRef = FDDD6333214800C900575F80 /* LaunchScreen.storyboard */; };
/* End PBXBuildFile section */

/* Begin PBXFileReference section */
		FDDD6324214800C700575F80 /* Bois Payment Solver.app */ = {isa = PBXFileReference; explicitFileType = wrapper.application; includeInIndex = 0; path = "Bois Payment Solver.app"; sourceTree = BUILT_PRODUCTS_DIR; };
		FDDD6327214800C700575F80 /* AppDelegate.swift */ = {isa = PBXFileReference; lastKnownFileType = sourcecode.swift; path = AppDelegate.swift; sourceTree = "<group>"; };
		FDDD6329214800C700575F80 /* ViewController.swift */ = {isa = PBXFileReference; lastKnownFileType = sourcecode.swift; path = ViewController.swift; sourceTree = "<group>"; };
		FDDD632C214800C700575F80 /* Base */ = {isa = PBXFileReference; lastKnownFileType = file.storyboard; name = Base; path = Base.lproj/Main.storyboard; sourceTree = "<group>"; };
		FDDD632F214800C700575F80 /* Bois_Payment_Solver.xcdatamodel */ = {isa = PBXFileReference; lastKnownFileType = wrapper.xcdatamodel; path = Bois_Payment_Solver.xcdatamodel; sourceTree = "<group>"; };
		FDDD6331214800C900575F80 /* Assets.xcassets */ = {isa = PBXFileReference; lastKnownFileType = folder.assetcatalog; path = Assets.xcassets; sourceTree = "<group>"; };
		FDDD6334214800C900575F80 /* Base */ = {isa = PBXFileReference; lastKnownFileType = file.storyboard; name = Base; path = Base.lproj/LaunchScreen.storyboard; sourceTree = "<group>"; };
		FDDD6336214800C900575F80 /* Info.plist */ = {isa = PBXFileReference; lastKnownFileType = text.plist.xml; path = Info.plist; sourceTree = "<group>"; };
/* End PBXFileReference section */

/* Begin PBXFrameworksBuildPhase section */
		FDDD6321214800C700575F80 /* Frameworks */ = {
			isa = PBXFrameworksBuildPhase;
			buildActionMask = 2147483647;
			files = (
			);
			runOnlyForDeploymentPostprocessing = 0;
		};
/* End PBXFrameworksBuildPhase section */

/* Begin PBXGroup section */
		FDDD631B214800C700575F80 = {
			isa = PBXGroup;
			children = (
				FDDD6326214800C700575F80 /* Bois Payment Solver */,
				FDDD6325214800C700575F80 /* Products */,
			);
			sourceTree = "<group>";
		};
		FDDD6325214800C700575F80 /* Products */ = {
			isa = PBXGroup;
			children = (
				FDDD6324214800C700575F80 /* Bois Payment Solver.app */,
			);
			name = Products;
			sourceTree = "<group>";
		};
		FDDD6326214800C700575F80 /* Bois Payment Solver */ = {
			isa = PBXGroup;
			children = (
				FDDD6327214800C700575F80 /* AppDelegate.swift */,
				FDDD6329214800C700575F80 /* ViewController.swift */,
				FDDD632B214800C700575F80 /* Main.storyboard */,
				FDDD6331214800C900575F80 /* Assets.xcassets */,
				FDDD6333214800C900575F80 /* LaunchScreen.storyboard */,
				FDDD6336214800C900575F80 /* Info.plist */,
				FDDD632E214800C700575F80 /* Bois_Payment_Solver.xcdatamodeld */,
			);
			path = "Bois Payment Solver";
			sourceTree = "<group>";
		};
/* End PBXGroup section */

/* Begin PBXNativeTarget section */
		FDDD6323214800C700575F80 /* Bois Payment Solver */ = {
			isa = PBXNativeTarget;
			buildConfigurationList = FDDD6339214800C900575F80 /* Build configuration list for PBXNativeTarget "Bois Payment Solver" */;
			buildPhases = (
				FDDD6320214800C700575F80 /* Sources */,
				FDDD6321214800C700575F80 /* Frameworks */,
				FDDD6322214800C700575F80 /* Resources */,
			);
			buildRules = (
			);
			dependencies = (
			);
			name = "Bois Payment Solver";
			productName = "Bois Payment Solver";
			productReference = FDDD6324214800C700575F80 /* Bois Payment Solver.app */;
			productType = "com.apple.product-type.application";
		};
/* End PBXNativeTarget section */

/* Begin PBXProject section */
		FDDD631C214800C700575F80 /* Project object */ = {
			isa = PBXProject;
			attributes = {
				LastSwiftUpdateCheck = 0940;
				LastUpgradeCheck = 0940;
				ORGANIZATIONNAME = "Adelina Dutskinova";
				TargetAttributes = {
					FDDD6323214800C700575F80 = {
						CreatedOnToolsVersion = 9.4.1;
					};
				};
			};
			buildConfigurationList = FDDD631F214800C700575F80 /* Build configuration list for PBXProject "Bois Payment Solver" */;
			compatibilityVersion = "Xcode 9.3";
			developmentRegion = en;
			hasScannedForEncodings = 0;
			knownRegions = (
				en,
				Base,
			);
			mainGroup = FDDD631B214800C700575F80;
			productRefGroup = FDDD6325214800C700575F80 /* Products */;
			projectDirPath = "";
			projectRoot = "";
			targets = (
				FDDD6323214800C700575F80 /* Bois Payment Solver */,
			);
		};
/* End PBXProject section */

/* Begin PBXResourcesBuildPhase section */
		FDDD6322214800C700575F80 /* Resources */ = {
			isa = PBXResourcesBuildPhase;
			buildActionMask = 2147483647;
			files = (
				FDDD6335214800C900575F80 /* LaunchScreen.storyboard in Resources */,
				FDDD6332214800C900575F80 /* Assets.xcassets in Resources */,
				FDDD632D214800C700575F80 /* Main.storyboard in Resources */,
			);
			runOnlyForDeploymentPostprocessing = 0;
		};
/* End PBXResourcesBuildPhase section */

/* Begin PBXSourcesBuildPhase section */
		FDDD6320214800C700575F80 /* Sources */ = {
			isa = PBXSourcesBuildPhase;
			buildActionMask = 2147483647;
			files = (
				FDDD632A214800C700575F80 /* ViewController.swift in Sources */,
				FDDD6328214800C700575F80 /* AppDelegate.swift in Sources */,
				FDDD6330214800C700575F80 /* Bois_Payment_Solver.xcdatamodeld in Sources */,
			);
			runOnlyForDeploymentPostprocessing = 0;
		};
/* End PBXSourcesBuildPhase section */

/* Begin PBXVariantGroup section */
		FDDD632B214800C700575F80 /* Main.storyboard */ = {
			isa = PBXVariantGroup;
			children = (
				FDDD632C214800C700575F80 /* Base */,
			);
			name = Main.storyboard;
			sourceTree = "<group>";
		};
		FDDD6333214800C900575F80 /* LaunchScreen.storyboard */ = {
			isa = PBXVariantGroup;
			children = (
				FDDD6334214800C900575F80 /* Base */,
			);
			name = LaunchScreen.storyboard;
			sourceTree = "<group>";
		};
/* End PBXVariantGroup section */

/* Begin XCBuildConfiguration section */
		FDDD6337214800C900575F80 /* Debug */ = {
			isa = XCBuildConfiguration;
			buildSettings = {
				ALWAYS_SEARCH_USER_PATHS = NO;
				CLANG_ANALYZER_NONNULL = YES;
				CLANG_ANALYZER_NUMBER_OBJECT_CONVERSION = YES_AGGRESSIVE;
				CLANG_CXX_LANGUAGE_STANDARD = "gnu++14";
				CLANG_CXX_LIBRARY = "libc++";
				CLANG_ENABLE_MODULES = YES;
				CLANG_ENABLE_OBJC_ARC = YES;
				CLANG_ENABLE_OBJC_WEAK = YES;
				CLANG_WARN_BLOCK_CAPTURE_AUTORELEASING = YES;
				CLANG_WARN_BOOL_CONVERSION = YES;
				CLANG_WARN_COMMA = YES;
				CLANG_WARN_CONSTANT_CONVERSION = YES;
				CLANG_WARN_DEPRECATED_OBJC_IMPLEMENTATIONS = YES;
				CLANG_WARN_DIRECT_OBJC_ISA_USAGE = YES_ERROR;
				CLANG_WARN_DOCUMENTATION_COMMENTS = YES;
				CLANG_WARN_EMPTY_BODY = YES;
				CLANG_WARN_ENUM_CONVERSION = YES;
				CLANG_WARN_INFINITE_RECURSION = YES;
				CLANG_WARN_INT_CONVERSION = YES;
				CLANG_WARN_NON_LITERAL_NULL_CONVERSION = YES;
				CLANG_WARN_OBJC_IMPLICIT_RETAIN_SELF = YES;
				CLANG_WARN_OBJC_LITERAL_CONVERSION = YES;
				CLANG_WARN_OBJC_ROOT_CLASS = YES_ERROR;
				CLANG_WARN_RANGE_LOOP_ANALYSIS = YES;
				CLANG_WARN_STRICT_PROTOTYPES = YES;
				CLANG_WARN_SUSPICIOUS_MOVE = YES;
				CLANG_WARN_UNGUARDED_AVAILABILITY = YES_AGGRESSIVE;
				CLANG_WARN_UNREACHABLE_CODE = YES;
				CLANG_WARN__DUPLICATE_METHOD_MATCH = YES;
				CODE_SIGN_IDENTITY = "iPhone Developer";
				COPY_PHASE_STRIP = NO;
				DEBUG_INFORMATION_FORMAT = dwarf;
				ENABLE_STRICT_OBJC_MSGSEND = YES;
				ENABLE_TESTABILITY = YES;
				GCC_C_LANGUAGE_STANDARD = gnu11;
				GCC_DYNAMIC_NO_PIC = NO;
				GCC_NO_COMMON_BLOCKS = YES;
				GCC_OPTIMIZATION_LEVEL = 0;
				GCC_PREPROCESSOR_DEFINITIONS = (
					"DEBUG=1",
					"$(inherited)",
				);
				GCC_WARN_64_TO_32_BIT_CONVERSION = YES;
				GCC_WARN_ABOUT_RETURN_TYPE = YES_ERROR;
				GCC_WARN_UNDECLARED_SELECTOR = YES;
				GCC_WARN_UNINITIALIZED_AUTOS = YES_AGGRESSIVE;
				GCC_WARN_UNUSED_FUNCTION = YES;
				GCC_WARN_UNUSED_VARIABLE = YES;
				IPHONEOS_DEPLOYMENT_TARGET = 11.4;
				MTL_ENABLE_DEBUG_INFO = YES;
				ONLY_ACTIVE_ARCH = YES;
				SDKROOT = iphoneos;
				SWIFT_ACTIVE_COMPILATION_CONDITIONS = DEBUG;
				SWIFT_OPTIMIZATION_LEVEL = "-Onone";
			};
			name = Debug;
		};
		FDDD6338214800C900575F80 /* Release */ = {
			isa = XCBuildConfiguration;
			buildSettings = {
				ALWAYS_SEARCH_USER_PATHS = NO;
				CLANG_ANALYZER_NONNULL = YES;
				CLANG_ANALYZER_NUMBER_OBJECT_CONVERSION = YES_AGGRESSIVE;
				CLANG_CXX_LANGUAGE_STANDARD = "gnu++14";
				CLANG_CXX_LIBRARY = "libc++";
				CLANG_ENABLE_MODULES = YES;
				CLANG_ENABLE_OBJC_ARC = YES;
				CLANG_ENABLE_OBJC_WEAK = YES;
				CLANG_WARN_BLOCK_CAPTURE_AUTORELEASING = YES;
				CLANG_WARN_BOOL_CONVERSION = YES;
				CLANG_WARN_COMMA = YES;
				CLANG_WARN_CONSTANT_CONVERSION = YES;
				CLANG_WARN_DEPRECATED_OBJC_IMPLEMENTATIONS = YES;
				CLANG_WARN_DIRECT_OBJC_ISA_USAGE = YES_ERROR;
				CLANG_WARN_DOCUMENTATION_COMMENTS = YES;
				CLANG_WARN_EMPTY_BODY = YES;
				CLANG_WARN_ENUM_CONVERSION = YES;
				CLANG_WARN_INFINITE_RECURSION = YES;
				CLANG_WARN_INT_CONVERSION = YES;
				CLANG_WARN_NON_LITERAL_NULL_CONVERSION = YES;
				CLANG_WARN_OBJC_IMPLICIT_RETAIN_SELF = YES;
				CLANG_WARN_OBJC_LITERAL_CONVERSION = YES;
				CLANG_WARN_OBJC_ROOT_CLASS = YES_ERROR;
				CLANG_WARN_RANGE_LOOP_ANALYSIS = YES;
				CLANG_WARN_STRICT_PROTOTYPES = YES;
				CLANG_WARN_SUSPICIOUS_MOVE = YES;
				CLANG_WARN_UNGUARDED_AVAILABILITY = YES_AGGRESSIVE;
				CLANG_WARN_UNREACHABLE_CODE = YES;
				CLANG_WARN__DUPLICATE_METHOD_MATCH = YES;
				CODE_SIGN_IDENTITY = "iPhone Developer";
				COPY_PHASE_STRIP = NO;
				DEBUG_INFORMATION_FORMAT = "dwarf-with-dsym";
				ENABLE_NS_ASSERTIONS = NO;
				ENABLE_STRICT_OBJC_MSGSEND = YES;
				GCC_C_LANGUAGE_STANDARD = gnu11;
				GCC_NO_COMMON_BLOCKS = YES;
				GCC_WARN_64_TO_32_BIT_CONVERSION = YES;
				GCC_WARN_ABOUT_RETURN_TYPE = YES_ERROR;
				GCC_WARN_UNDECLARED_SELECTOR = YES;
				GCC_WARN_UNINITIALIZED_AUTOS = YES_AGGRESSIVE;
				GCC_WARN_UNUSED_FUNCTION = YES;
				GCC_WARN_UNUSED_VARIABLE = YES;
				IPHONEOS_DEPLOYMENT_TARGET = 11.4;
				MTL_ENABLE_DEBUG_INFO = NO;
				SDKROOT = iphoneos;
				SWIFT_COMPILATION_MODE = wholemodule;
				SWIFT_OPTIMIZATION_LEVEL = "-O";
				VALIDATE_PRODUCT = YES;
			};
			name = Release;
		};
		FDDD633A214800C900575F80 /* Debug */ = {
			isa = XCBuildConfiguration;
			buildSettings = {
				ASSETCATALOG_COMPILER_APPICON_NAME = AppIcon;
				CODE_SIGN_STYLE = Automatic;
				DEVELOPMENT_TEAM = QG78DVQ32Q;
				INFOPLIST_FILE = "Bois Payment Solver/Info.plist";
				LD_RUNPATH_SEARCH_PATHS = (
					"$(inherited)",
					"@executable_path/Frameworks",
				);
				PRODUCT_BUNDLE_IDENTIFIER = "thunderseekers.crew.Bois-Payment-Solver";
				PRODUCT_NAME = "$(TARGET_NAME)";
				SWIFT_VERSION = 4.0;
				TARGETED_DEVICE_FAMILY = "1,2";
			};
			name = Debug;
		};
		FDDD633B214800C900575F80 /* Release */ = {
			isa = XCBuildConfiguration;
			buildSettings = {
				ASSETCATALOG_COMPILER_APPICON_NAME = AppIcon;
				CODE_SIGN_STYLE = Automatic;
				DEVELOPMENT_TEAM = QG78DVQ32Q;
				INFOPLIST_FILE = "Bois Payment Solver/Info.plist";
				LD_RUNPATH_SEARCH_PATHS = (
					"$(inherited)",
					"@executable_path/Frameworks",
				);
				PRODUCT_BUNDLE_IDENTIFIER = "thunderseekers.crew.Bois-Payment-Solver";
				PRODUCT_NAME = "$(TARGET_NAME)";
				SWIFT_VERSION = 4.0;
				TARGETED_DEVICE_FAMILY = "1,2";
			};
			name = Release;
		};
/* End XCBuildConfiguration section */

/* Begin XCConfigurationList section */
		FDDD631F214800C700575F80 /* Build configuration list for PBXProject "Bois Payment Solver" */ = {
			isa = XCConfigurationList;
			buildConfigurations = (
				FDDD6337214800C900575F80 /* Debug */,
				FDDD6338214800C900575F80 /* Release */,
			);
			defaultConfigurationIsVisible = 0;
			defaultConfigurationName = Release;
		};
		FDDD6339214800C900575F80 /* Build configuration list for PBXNativeTarget "Bois Payment Solver" */ = {
			isa = XCConfigurationList;
			buildConfigurations = (
				FDDD633A214800C900575F80 /* Debug */,
				FDDD633B214800C900575F80 /* Release */,
			);
			defaultConfigurationIsVisible = 0;
			defaultConfigurationName = Release;
		};
/* End XCConfigurationList section */

/* Begin XCVersionGroup section */
		FDDD632E214800C700575F80 /* Bois_Payment_Solver.xcdatamodeld */ = {
			isa = XCVersionGroup;
			children = (
				FDDD632F214800C700575F80 /* Bois_Payment_Solver.xcdatamodel */,
			);
			currentVersion = FDDD632F214800C700575F80 /* Bois_Payment_Solver.xcdatamodel */;
			path = Bois_Payment_Solver.xcdatamodeld;
			sourceTree = "<group>";
			versionGroupType = wrapper.xcdatamodel;
		};
/* End XCVersionGroup section */
	};
	rootObject = FDDD631C214800C700575F80 /* Project object */;
}
